{
  "name": "claude-code-structure-monorepo",
  "lockfileVersion": 3,
  "requires": true,
  "packages": {
    "": {
      "name": "claude-code-structure-monorepo",
      "workspaces": [
        "packages/npm"
      ],
      "engines": {
        "node": ">=18.0.0"
      }
    },
    "node_modules/claude-code-structure": {
      "resolved": "packages/npm",
      "link": true
    },
    "packages/npm": {
      "name": "claude-code-structure",
      "version": "1.0.0",
      "license": "MIT",
      "bin": {
        "claude-init": "bin/cli.js"
      },
      "engines": {
        "node": ">=18.0.0"
      }
    }
  }
}
